
Microsoft Visual Studio Solution File, Format Version 12.00
# Visual Studio Version 17
VisualStudioVersion = 17.7.34003.232
MinimumVisualStudioVersion = 10.0.40219.1
Project("{9A19103F-16F7-4668-BE54-9A1E7A4F7556}") = "Gestion.Salud.360.Services", "Gestion.Salud.360.Services.csproj", "{4E63C607-92C6-41D8-A572-9849E4E424F3}"
EndProject
Project("{2150E333-8FDC-42A3-9474-1A3956D46DE8}") = "1.ApiWeb", "1.ApiWeb", "{41CF8CF5-2C5E-47C2-980A-B1EAFC19D2CA}"
EndProject
Project("{9A19103F-16F7-4668-BE54-9A1E7A4F7556}") = "Appointment.Manager.API", "..\WebAPIs\Appointment.Manager.API\Appointment.Manager.API.csproj", "{E5C0C43B-8174-407D-9E75-960B484D5078}"
EndProject
Project("{2150E333-8FDC-42A3-9474-1A3956D46DE8}") = "ApiServices", "ApiServices", "{94152BEE-3F05-40F4-9AC9-44A3E3891D84}"
EndProject
Project("{9A19103F-16F7-4668-BE54-9A1E7A4F7556}") = "System.Management.API", "..\WebAPIs\System.Management.API\System.Management.API.csproj", "{B22F914D-1A29-4FE1-883C-7C1838CD26BA}"
EndProject
Project("{9A19103F-16F7-4668-BE54-9A1E7A4F7556}") = "Medical.Records.API", "..\WebAPIs\Medical.Records.API\Medical.Records.API.csproj", "{3A4DACEC-0AF4-46DA-885D-33F356867245}"
EndProject
Project("{9A19103F-16F7-4668-BE54-9A1E7A4F7556}") = "Reports.Generator.API", "..\WebAPIs\Reports.Generator.API\Reports.Generator.API.csproj", "{B62C15D4-0CA1-455A-A2E1-AD561D0C61B8}"
EndProject
Project("{2150E333-8FDC-42A3-9474-1A3956D46DE8}") = "2.Core", "2.Core", "{1BED9917-DDA5-43C9-8120-E1D0BEC683A7}"
EndProject
Project("{FAE04EC0-301F-11D3-BF4B-00C04F79EFBC}") = "Business.Logic", "..\ProjectCore\Business.Logic\Business.Logic.csproj", "{10055F13-AB7D-43C9-B9E3-2A3674679665}"
EndProject
Project("{FAE04EC0-301F-11D3-BF4B-00C04F79EFBC}") = "Data.Access", "..\ProjectCore\Data.Access\Data.Access.csproj", "{F887F846-E598-44BD-A25F-2506DFA6E9F8}"
EndProject
Project("{FAE04EC0-301F-11D3-BF4B-00C04F79EFBC}") = "Models", "..\ProjectCore\Models\Models.csproj", "{40BCC0CD-B873-408A-92F1-97E9D0BC5E39}"
EndProject
Project("{FAE04EC0-301F-11D3-BF4B-00C04F79EFBC}") = "Repositories", "..\ProjectCore\Repositories\Repositories.csproj", "{7BF17043-6765-4991-BE9F-6631FED36263}"
EndProject
Project("{FAE04EC0-301F-11D3-BF4B-00C04F79EFBC}") = "Unit.Of.Work", "..\ProjectCore\Unit.Of.Work\Unit.Of.Work.csproj", "{308636C1-26FF-4962-B722-14211529F769}"
EndProject
Project("{2150E333-8FDC-42A3-9474-1A3956D46DE8}") = "3.TestSuite", "3.TestSuite", "{95082287-090C-4F48-BD6F-F6017B6FE3FD}"
EndProject
Project("{FAE04EC0-301F-11D3-BF4B-00C04F79EFBC}") = "TestProject.Gestion.Salud.360", "..\TestProject.Gestion.Salud.360\TestProject.Gestion.Salud.360.csproj", "{50ABE7B1-C9F7-4CA7-ABAE-804B482E59E2}"
EndProject
Project("{FAE04EC0-301F-11D3-BF4B-00C04F79EFBC}") = "Services", "..\ProjectCore\Services\Services.csproj", "{5189EABC-9608-4F90-9C0B-8899A77F22FE}"
EndProject
Global
	GlobalSection(SolutionConfigurationPlatforms) = preSolution
		Debug|Any CPU = Debug|Any CPU
		Release|Any CPU = Release|Any CPU
	EndGlobalSection
	GlobalSection(ProjectConfigurationPlatforms) = postSolution
		{4E63C607-92C6-41D8-A572-9849E4E424F3}.Debug|Any CPU.ActiveCfg = Debug|Any CPU
		{4E63C607-92C6-41D8-A572-9849E4E424F3}.Debug|Any CPU.Build.0 = Debug|Any CPU
		{4E63C607-92C6-41D8-A572-9849E4E424F3}.Release|Any CPU.ActiveCfg = Release|Any CPU
		{4E63C607-92C6-41D8-A572-9849E4E424F3}.Release|Any CPU.Build.0 = Release|Any CPU
		{E5C0C43B-8174-407D-9E75-960B484D5078}.Debug|Any CPU.ActiveCfg = Debug|Any CPU
		{E5C0C43B-8174-407D-9E75-960B484D5078}.Debug|Any CPU.Build.0 = Debug|Any CPU
		{E5C0C43B-8174-407D-9E75-960B484D5078}.Release|Any CPU.ActiveCfg = Release|Any CPU
		{E5C0C43B-8174-407D-9E75-960B484D5078}.Release|Any CPU.Build.0 = Release|Any CPU
		{B22F914D-1A29-4FE1-883C-7C1838CD26BA}.Debug|Any CPU.ActiveCfg = Debug|Any CPU
		{B22F914D-1A29-4FE1-883C-7C1838CD26BA}.Debug|Any CPU.Build.0 = Debug|Any CPU
		{B22F914D-1A29-4FE1-883C-7C1838CD26BA}.Release|Any CPU.ActiveCfg = Release|Any CPU
		{B22F914D-1A29-4FE1-883C-7C1838CD26BA}.Release|Any CPU.Build.0 = Release|Any CPU
		{3A4DACEC-0AF4-46DA-885D-33F356867245}.Debug|Any CPU.ActiveCfg = Debug|Any CPU
		{3A4DACEC-0AF4-46DA-885D-33F356867245}.Debug|Any CPU.Build.0 = Debug|Any CPU
		{3A4DACEC-0AF4-46DA-885D-33F356867245}.Release|Any CPU.ActiveCfg = Release|Any CPU
		{3A4DACEC-0AF4-46DA-885D-33F356867245}.Release|Any CPU.Build.0 = Release|Any CPU
		{B62C15D4-0CA1-455A-A2E1-AD561D0C61B8}.Debug|Any CPU.ActiveCfg = Debug|Any CPU
		{B62C15D4-0CA1-455A-A2E1-AD561D0C61B8}.Debug|Any CPU.Build.0 = Debug|Any CPU
		{B62C15D4-0CA1-455A-A2E1-AD561D0C61B8}.Release|Any CPU.ActiveCfg = Release|Any CPU
		{B62C15D4-0CA1-455A-A2E1-AD561D0C61B8}.Release|Any CPU.Build.0 = Release|Any CPU
		{10055F13-AB7D-43C9-B9E3-2A3674679665}.Debug|Any CPU.ActiveCfg = Debug|Any CPU
		{10055F13-AB7D-43C9-B9E3-2A3674679665}.Debug|Any CPU.Build.0 = Debug|Any CPU
		{10055F13-AB7D-43C9-B9E3-2A3674679665}.Release|Any CPU.ActiveCfg = Release|Any CPU
		{10055F13-AB7D-43C9-B9E3-2A3674679665}.Release|Any CPU.Build.0 = Release|Any CPU
		{F887F846-E598-44BD-A25F-2506DFA6E9F8}.Debug|Any CPU.ActiveCfg = Debug|Any CPU
		{F887F846-E598-44BD-A25F-2506DFA6E9F8}.Debug|Any CPU.Build.0 = Debug|Any CPU
		{F887F846-E598-44BD-A25F-2506DFA6E9F8}.Release|Any CPU.ActiveCfg = Release|Any CPU
		{F887F846-E598-44BD-A25F-2506DFA6E9F8}.Release|Any CPU.Build.0 = Release|Any CPU
		{40BCC0CD-B873-408A-92F1-97E9D0BC5E39}.Debug|Any CPU.ActiveCfg = Debug|Any CPU
		{40BCC0CD-B873-408A-92F1-97E9D0BC5E39}.Debug|Any CPU.Build.0 = Debug|Any CPU
		{40BCC0CD-B873-408A-92F1-97E9D0BC5E39}.Release|Any CPU.ActiveCfg = Release|Any CPU
		{40BCC0CD-B873-408A-92F1-97E9D0BC5E39}.Release|Any CPU.Build.0 = Release|Any CPU
		{7BF17043-6765-4991-BE9F-6631FED36263}.Debug|Any CPU.ActiveCfg = Debug|Any CPU
		{7BF17043-6765-4991-BE9F-6631FED36263}.Debug|Any CPU.Build.0 = Debug|Any CPU
		{7BF17043-6765-4991-BE9F-6631FED36263}.Release|Any CPU.ActiveCfg = Release|Any CPU
		{7BF17043-6765-4991-BE9F-6631FED36263}.Release|Any CPU.Build.0 = Release|Any CPU
		{308636C1-26FF-4962-B722-14211529F769}.Debug|Any CPU.ActiveCfg = Debug|Any CPU
		{308636C1-26FF-4962-B722-14211529F769}.Debug|Any CPU.Build.0 = Debug|Any CPU
		{308636C1-26FF-4962-B722-14211529F769}.Release|Any CPU.ActiveCfg = Release|Any CPU
		{308636C1-26FF-4962-B722-14211529F769}.Release|Any CPU.Build.0 = Release|Any CPU
		{50ABE7B1-C9F7-4CA7-ABAE-804B482E59E2}.Debug|Any CPU.ActiveCfg = Debug|Any CPU
		{50ABE7B1-C9F7-4CA7-ABAE-804B482E59E2}.Debug|Any CPU.Build.0 = Debug|Any CPU
		{50ABE7B1-C9F7-4CA7-ABAE-804B482E59E2}.Release|Any CPU.ActiveCfg = Release|Any CPU
		{50ABE7B1-C9F7-4CA7-ABAE-804B482E59E2}.Release|Any CPU.Build.0 = Release|Any CPU
		{5189EABC-9608-4F90-9C0B-8899A77F22FE}.Debug|Any CPU.ActiveCfg = Debug|Any CPU
		{5189EABC-9608-4F90-9C0B-8899A77F22FE}.Debug|Any CPU.Build.0 = Debug|Any CPU
		{5189EABC-9608-4F90-9C0B-8899A77F22FE}.Release|Any CPU.ActiveCfg = Release|Any CPU
		{5189EABC-9608-4F90-9C0B-8899A77F22FE}.Release|Any CPU.Build.0 = Release|Any CPU
	EndGlobalSection
	GlobalSection(SolutionProperties) = preSolution
		HideSolutionNode = FALSE
	EndGlobalSection
	GlobalSection(NestedProjects) = preSolution
		{4E63C607-92C6-41D8-A572-9849E4E424F3} = {41CF8CF5-2C5E-47C2-980A-B1EAFC19D2CA}
		{E5C0C43B-8174-407D-9E75-960B484D5078} = {94152BEE-3F05-40F4-9AC9-44A3E3891D84}
		{94152BEE-3F05-40F4-9AC9-44A3E3891D84} = {41CF8CF5-2C5E-47C2-980A-B1EAFC19D2CA}
		{B22F914D-1A29-4FE1-883C-7C1838CD26BA} = {94152BEE-3F05-40F4-9AC9-44A3E3891D84}
		{3A4DACEC-0AF4-46DA-885D-33F356867245} = {94152BEE-3F05-40F4-9AC9-44A3E3891D84}
		{B62C15D4-0CA1-455A-A2E1-AD561D0C61B8} = {94152BEE-3F05-40F4-9AC9-44A3E3891D84}
		{10055F13-AB7D-43C9-B9E3-2A3674679665} = {1BED9917-DDA5-43C9-8120-E1D0BEC683A7}
		{F887F846-E598-44BD-A25F-2506DFA6E9F8} = {1BED9917-DDA5-43C9-8120-E1D0BEC683A7}
		{40BCC0CD-B873-408A-92F1-97E9D0BC5E39} = {1BED9917-DDA5-43C9-8120-E1D0BEC683A7}
		{7BF17043-6765-4991-BE9F-6631FED36263} = {1BED9917-DDA5-43C9-8120-E1D0BEC683A7}
		{308636C1-26FF-4962-B722-14211529F769} = {1BED9917-DDA5-43C9-8120-E1D0BEC683A7}
		{50ABE7B1-C9F7-4CA7-ABAE-804B482E59E2} = {95082287-090C-4F48-BD6F-F6017B6FE3FD}
		{5189EABC-9608-4F90-9C0B-8899A77F22FE} = {1BED9917-DDA5-43C9-8120-E1D0BEC683A7}
	EndGlobalSection
	GlobalSection(ExtensibilityGlobals) = postSolution
		SolutionGuid = {672AF5FD-46F9-489D-AD03-98645CF86E5C}
	EndGlobalSection
EndGlobal
